// !$*UTF8*$!
{
	archiveVersion = 1;
	classes = {
	};
	objectVersion = 46;
	objects = {

/* Begin PBXBuildFile section */
		4BEE11BD1DA094910016A4F0 /* AppDelegate.swift in Sources */ = {isa = PBXBuildFile; fileRef = 4BEE11BC1DA094910016A4F0 /* AppDelegate.swift */; };
		4BEE11BF1DA094910016A4F0 /* MainVC.swift in Sources */ = {isa = PBXBuildFile; fileRef = 4BEE11BE1DA094910016A4F0 /* MainVC.swift */; };
		4BEE11C21DA094910016A4F0 /* Main.storyboard in Resources */ = {isa = PBXBuildFile; fileRef = 4BEE11C01DA094910016A4F0 /* Main.storyboard */; };
		4BEE11C51DA094910016A4F0 /* dreamlister2.xcdatamodeld in Sources */ = {isa = PBXBuildFile; fileRef = 4BEE11C31DA094910016A4F0 /* dreamlister2.xcdatamodeld */; };
		4BEE11C71DA094910016A4F0 /* Assets.xcassets in Resources */ = {isa = PBXBuildFile; fileRef = 4BEE11C61DA094910016A4F0 /* Assets.xcassets */; };
		4BEE11CA1DA094910016A4F0 /* LaunchScreen.storyboard in Resources */ = {isa = PBXBuildFile; fileRef = 4BEE11C81DA094910016A4F0 /* LaunchScreen.storyboard */; };
		4BEE11D91DA0B0670016A4F0 /* Item+CoreDataClass.swift in Sources */ = {isa = PBXBuildFile; fileRef = 4BEE11D11DA0B0670016A4F0 /* Item+CoreDataClass.swift */; };
		4BEE11DA1DA0B0670016A4F0 /* Item+CoreDataProperties.swift in Sources */ = {isa = PBXBuildFile; fileRef = 4BEE11D21DA0B0670016A4F0 /* Item+CoreDataProperties.swift */; };
		4BEE11DB1DA0B0670016A4F0 /* Image+CoreDataClass.swift in Sources */ = {isa = PBXBuildFile; fileRef = 4BEE11D31DA0B0670016A4F0 /* Image+CoreDataClass.swift */; };
		4BEE11DC1DA0B0670016A4F0 /* Image+CoreDataProperties.swift in Sources */ = {isa = PBXBuildFile; fileRef = 4BEE11D41DA0B0670016A4F0 /* Image+CoreDataProperties.swift */; };
		4BEE11DD1DA0B0670016A4F0 /* ItemType+CoreDataClass.swift in Sources */ = {isa = PBXBuildFile; fileRef = 4BEE11D51DA0B0670016A4F0 /* ItemType+CoreDataClass.swift */; };
		4BEE11DE1DA0B0670016A4F0 /* ItemType+CoreDataProperties.swift in Sources */ = {isa = PBXBuildFile; fileRef = 4BEE11D61DA0B0670016A4F0 /* ItemType+CoreDataProperties.swift */; };
		4BEE11DF1DA0B0670016A4F0 /* Store+CoreDataClass.swift in Sources */ = {isa = PBXBuildFile; fileRef = 4BEE11D71DA0B0670016A4F0 /* Store+CoreDataClass.swift */; };
		4BEE11E01DA0B0670016A4F0 /* Store+CoreDataProperties.swift in Sources */ = {isa = PBXBuildFile; fileRef = 4BEE11D81DA0B0670016A4F0 /* Store+CoreDataProperties.swift */; };
		4BEE11E51DA0BAAC0016A4F0 /* MaterialView.swift in Sources */ = {isa = PBXBuildFile; fileRef = 4BEE11E41DA0BAAC0016A4F0 /* MaterialView.swift */; };
		4BEE11E71DA0BD350016A4F0 /* itemCell.swift in Sources */ = {isa = PBXBuildFile; fileRef = 4BEE11E61DA0BD350016A4F0 /* itemCell.swift */; };
		4BEE11EA1DA0D4240016A4F0 /* ItemDetailsVC.swift in Sources */ = {isa = PBXBuildFile; fileRef = 4BEE11E91DA0D4240016A4F0 /* ItemDetailsVC.swift */; };
		4BEE11EC1DA0D7200016A4F0 /* CustomTextField.swift in Sources */ = {isa = PBXBuildFile; fileRef = 4BEE11EB1DA0D7200016A4F0 /* CustomTextField.swift */; };
/* End PBXBuildFile section */

/* Begin PBXFileReference section */
		4BEE11B91DA094910016A4F0 /* dreamlister2.app */ = {isa = PBXFileReference; explicitFileType = wrapper.application; includeInIndex = 0; path = dreamlister2.app; sourceTree = BUILT_PRODUCTS_DIR; };
		4BEE11BC1DA094910016A4F0 /* AppDelegate.swift */ = {isa = PBXFileReference; lastKnownFileType = sourcecode.swift; path = AppDelegate.swift; sourceTree = "<group>"; };
		4BEE11BE1DA094910016A4F0 /* MainVC.swift */ = {isa = PBXFileReference; lastKnownFileType = sourcecode.swift; path = MainVC.swift; sourceTree = "<group>"; };
		4BEE11C11DA094910016A4F0 /* Base */ = {isa = PBXFileReference; lastKnownFileType = file.storyboard; name = Base; path = Base.lproj/Main.storyboard; sourceTree = "<group>"; };
		4BEE11C41DA094910016A4F0 /* dreamlister2.xcdatamodel */ = {isa = PBXFileReference; lastKnownFileType = wrapper.xcdatamodel; path = dreamlister2.xcdatamodel; sourceTree = "<group>"; };
		4BEE11C61DA094910016A4F0 /* Assets.xcassets */ = {isa = PBXFileReference; lastKnownFileType = folder.assetcatalog; path = Assets.xcassets; sourceTree = "<group>"; };
		4BEE11C91DA094910016A4F0 /* Base */ = {isa = PBXFileReference; lastKnownFileType = file.storyboard; name = Base; path = Base.lproj/LaunchScreen.storyboard; sourceTree = "<group>"; };
		4BEE11CB1DA094910016A4F0 /* Info.plist */ = {isa = PBXFileReference; lastKnownFileType = text.plist.xml; path = Info.plist; sourceTree = "<group>"; };
		4BEE11D11DA0B0670016A4F0 /* Item+CoreDataClass.swift */ = {isa = PBXFileReference; fileEncoding = 4; lastKnownFileType = sourcecode.swift; path = "Item+CoreDataClass.swift"; sourceTree = "<group>"; };
		4BEE11D21DA0B0670016A4F0 /* Item+CoreDataProperties.swift */ = {isa = PBXFileReference; fileEncoding = 4; lastKnownFileType = sourcecode.swift; path = "Item+CoreDataProperties.swift"; sourceTree = "<group>"; };
		4BEE11D31DA0B0670016A4F0 /* Image+CoreDataClass.swift */ = {isa = PBXFileReference; fileEncoding = 4; lastKnownFileType = sourcecode.swift; path = "Image+CoreDataClass.swift"; sourceTree = "<group>"; };
		4BEE11D41DA0B0670016A4F0 /* Image+CoreDataProperties.swift */ = {isa = PBXFileReference; fileEncoding = 4; lastKnownFileType = sourcecode.swift; path = "Image+CoreDataProperties.swift"; sourceTree = "<group>"; };
		4BEE11D51DA0B0670016A4F0 /* ItemType+CoreDataClass.swift */ = {isa = PBXFileReference; fileEncoding = 4; lastKnownFileType = sourcecode.swift; path = "ItemType+CoreDataClass.swift"; sourceTree = "<group>"; };
		4BEE11D61DA0B0670016A4F0 /* ItemType+CoreDataProperties.swift */ = {isa = PBXFileReference; fileEncoding = 4; lastKnownFileType = sourcecode.swift; path = "ItemType+CoreDataProperties.swift"; sourceTree = "<group>"; };
		4BEE11D71DA0B0670016A4F0 /* Store+CoreDataClass.swift */ = {isa = PBXFileReference; fileEncoding = 4; lastKnownFileType = sourcecode.swift; path = "Store+CoreDataClass.swift"; sourceTree = "<group>"; };
		4BEE11D81DA0B0670016A4F0 /* Store+CoreDataProperties.swift */ = {isa = PBXFileReference; fileEncoding = 4; lastKnownFileType = sourcecode.swift; path = "Store+CoreDataProperties.swift"; sourceTree = "<group>"; };
		4BEE11E41DA0BAAC0016A4F0 /* MaterialView.swift */ = {isa = PBXFileReference; fileEncoding = 4; lastKnownFileType = sourcecode.swift; path = MaterialView.swift; sourceTree = "<group>"; };
		4BEE11E61DA0BD350016A4F0 /* itemCell.swift */ = {isa = PBXFileReference; fileEncoding = 4; lastKnownFileType = sourcecode.swift; path = itemCell.swift; sourceTree = "<group>"; };
		4BEE11E91DA0D4240016A4F0 /* ItemDetailsVC.swift */ = {isa = PBXFileReference; fileEncoding = 4; lastKnownFileType = sourcecode.swift; path = ItemDetailsVC.swift; sourceTree = "<group>"; };
		4BEE11EB1DA0D7200016A4F0 /* CustomTextField.swift */ = {isa = PBXFileReference; fileEncoding = 4; lastKnownFileType = sourcecode.swift; path = CustomTextField.swift; sourceTree = "<group>"; };
/* End PBXFileReference section */

/* Begin PBXFrameworksBuildPhase section */
		4BEE11B61DA094910016A4F0 /* Frameworks */ = {
			isa = PBXFrameworksBuildPhase;
			buildActionMask = 2147483647;
			files = (
			);
			runOnlyForDeploymentPostprocessing = 0;
		};
/* End PBXFrameworksBuildPhase section */

/* Begin PBXGroup section */
		4BEE11B01DA094910016A4F0 = {
			isa = PBXGroup;
			children = (
				4BEE11BB1DA094910016A4F0 /* dreamlister2 */,
				4BEE11BA1DA094910016A4F0 /* Products */,
			);
			sourceTree = "<group>";
		};
		4BEE11BA1DA094910016A4F0 /* Products */ = {
			isa = PBXGroup;
			children = (
				4BEE11B91DA094910016A4F0 /* dreamlister2.app */,
			);
			name = Products;
			sourceTree = "<group>";
		};
		4BEE11BB1DA094910016A4F0 /* dreamlister2 */ = {
			isa = PBXGroup;
			children = (
				4BEE11E81DA0D38F0016A4F0 /* Controller */,
				4BEE11E31DA0BA8C0016A4F0 /* View */,
				4BEE11E11DA0B06B0016A4F0 /* Model */,
				4BEE11BC1DA094910016A4F0 /* AppDelegate.swift */,
				4BEE11C01DA094910016A4F0 /* Main.storyboard */,
				4BEE11C61DA094910016A4F0 /* Assets.xcassets */,
				4BEE11C81DA094910016A4F0 /* LaunchScreen.storyboard */,
				4BEE11CB1DA094910016A4F0 /* Info.plist */,
				4BEE11C31DA094910016A4F0 /* dreamlister2.xcdatamodeld */,
			);
			path = dreamlister2;
			sourceTree = "<group>";
		};
		4BEE11E11DA0B06B0016A4F0 /* Model */ = {
			isa = PBXGroup;
			children = (
				4BEE11D11DA0B0670016A4F0 /* Item+CoreDataClass.swift */,
				4BEE11D31DA0B0670016A4F0 /* Image+CoreDataClass.swift */,
				4BEE11D51DA0B0670016A4F0 /* ItemType+CoreDataClass.swift */,
				4BEE11D71DA0B0670016A4F0 /* Store+CoreDataClass.swift */,
				4BEE11E21DA0B0700016A4F0 /* Generated */,
			);
			name = Model;
			sourceTree = "<group>";
		};
		4BEE11E21DA0B0700016A4F0 /* Generated */ = {
			isa = PBXGroup;
			children = (
				4BEE11D21DA0B0670016A4F0 /* Item+CoreDataProperties.swift */,
				4BEE11D41DA0B0670016A4F0 /* Image+CoreDataProperties.swift */,
				4BEE11D61DA0B0670016A4F0 /* ItemType+CoreDataProperties.swift */,
				4BEE11D81DA0B0670016A4F0 /* Store+CoreDataProperties.swift */,
			);
			name = Generated;
			sourceTree = "<group>";
		};
		4BEE11E31DA0BA8C0016A4F0 /* View */ = {
			isa = PBXGroup;
			children = (
				4BEE11E41DA0BAAC0016A4F0 /* MaterialView.swift */,
				4BEE11E61DA0BD350016A4F0 /* itemCell.swift */,
				4BEE11EB1DA0D7200016A4F0 /* CustomTextField.swift */,
			);
			name = View;
			sourceTree = "<group>";
		};
		4BEE11E81DA0D38F0016A4F0 /* Controller */ = {
			isa = PBXGroup;
			children = (
				4BEE11BE1DA094910016A4F0 /* MainVC.swift */,
				4BEE11E91DA0D4240016A4F0 /* ItemDetailsVC.swift */,
			);
			name = Controller;
			sourceTree = "<group>";
		};
/* End PBXGroup section */

/* Begin PBXNativeTarget section */
		4BEE11B81DA094910016A4F0 /* dreamlister2 */ = {
			isa = PBXNativeTarget;
			buildConfigurationList = 4BEE11CE1DA094910016A4F0 /* Build configuration list for PBXNativeTarget "dreamlister2" */;
			buildPhases = (
				4BEE11B51DA094910016A4F0 /* Sources */,
				4BEE11B61DA094910016A4F0 /* Frameworks */,
				4BEE11B71DA094910016A4F0 /* Resources */,
			);
			buildRules = (
			);
			dependencies = (
			);
			name = dreamlister2;
			productName = dreamlister2;
			productReference = 4BEE11B91DA094910016A4F0 /* dreamlister2.app */;
			productType = "com.apple.product-type.application";
		};
/* End PBXNativeTarget section */

/* Begin PBXProject section */
		4BEE11B11DA094910016A4F0 /* Project object */ = {
			isa = PBXProject;
			attributes = {
				LastSwiftUpdateCheck = 0800;
				LastUpgradeCheck = 0800;
				ORGANIZATIONNAME = "Kel Robertson";
				TargetAttributes = {
					4BEE11B81DA094910016A4F0 = {
						CreatedOnToolsVersion = 8.0;
						DevelopmentTeam = 2UZU9RG3VG;
						ProvisioningStyle = Automatic;
					};
				};
			};
			buildConfigurationList = 4BEE11B41DA094910016A4F0 /* Build configuration list for PBXProject "dreamlister2" */;
			compatibilityVersion = "Xcode 3.2";
			developmentRegion = English;
			hasScannedForEncodings = 0;
			knownRegions = (
				en,
				Base,
			);
			mainGroup = 4BEE11B01DA094910016A4F0;
			productRefGroup = 4BEE11BA1DA094910016A4F0 /* Products */;
			projectDirPath = "";
			projectRoot = "";
			targets = (
				4BEE11B81DA094910016A4F0 /* dreamlister2 */,
			);
		};
/* End PBXProject section */

/* Begin PBXResourcesBuildPhase section */
		4BEE11B71DA094910016A4F0 /* Resources */ = {
			isa = PBXResourcesBuildPhase;
			buildActionMask = 2147483647;
			files = (
				4BEE11CA1DA094910016A4F0 /* LaunchScreen.storyboard in Resources */,
				4BEE11C71DA094910016A4F0 /* Assets.xcassets in Resources */,
				4BEE11C21DA094910016A4F0 /* Main.storyboard in Resources */,
			);
			runOnlyForDeploymentPostprocessing = 0;
		};
/* End PBXResourcesBuildPhase section */

/* Begin PBXSourcesBuildPhase section */
		4BEE11B51DA094910016A4F0 /* Sources */ = {
			isa = PBXSourcesBuildPhase;
			buildActionMask = 2147483647;
			files = (
				4BEE11BF1DA094910016A4F0 /* MainVC.swift in Sources */,
				4BEE11E71DA0BD350016A4F0 /* itemCell.swift in Sources */,
				4BEE11BD1DA094910016A4F0 /* AppDelegate.swift in Sources */,
				4BEE11DE1DA0B0670016A4F0 /* ItemType+CoreDataProperties.swift in Sources */,
				4BEE11E51DA0BAAC0016A4F0 /* MaterialView.swift in Sources */,
				4BEE11D91DA0B0670016A4F0 /* Item+CoreDataClass.swift in Sources */,
				4BEE11E01DA0B0670016A4F0 /* Store+CoreDataProperties.swift in Sources */,
				4BEE11DB1DA0B0670016A4F0 /* Image+CoreDataClass.swift in Sources */,
				4BEE11EA1DA0D4240016A4F0 /* ItemDetailsVC.swift in Sources */,
				4BEE11DD1DA0B0670016A4F0 /* ItemType+CoreDataClass.swift in Sources */,
				4BEE11C51DA094910016A4F0 /* dreamlister2.xcdatamodeld in Sources */,
				4BEE11DF1DA0B0670016A4F0 /* Store+CoreDataClass.swift in Sources */,
				4BEE11DA1DA0B0670016A4F0 /* Item+CoreDataProperties.swift in Sources */,
				4BEE11DC1DA0B0670016A4F0 /* Image+CoreDataProperties.swift in Sources */,
				4BEE11EC1DA0D7200016A4F0 /* CustomTextField.swift in Sources */,
			);
			runOnlyForDeploymentPostprocessing = 0;
		};
/* End PBXSourcesBuildPhase section */

/* Begin PBXVariantGroup section */
		4BEE11C01DA094910016A4F0 /* Main.storyboard */ = {
			isa = PBXVariantGroup;
			children = (
				4BEE11C11DA094910016A4F0 /* Base */,
			);
			name = Main.storyboard;
			sourceTree = "<group>";
		};
		4BEE11C81DA094910016A4F0 /* LaunchScreen.storyboard */ = {
			isa = PBXVariantGroup;
			children = (
				4BEE11C91DA094910016A4F0 /* Base */,
			);
			name = LaunchScreen.storyboard;
			sourceTree = "<group>";
		};
/* End PBXVariantGroup section */

/* Begin XCBuildConfiguration section */
		4BEE11CC1DA094910016A4F0 /* Debug */ = {
			isa = XCBuildConfiguration;
			buildSettings = {
				ALWAYS_SEARCH_USER_PATHS = NO;
				CLANG_ANALYZER_NONNULL = YES;
				CLANG_CXX_LANGUAGE_STANDARD = "gnu++0x";
				CLANG_CXX_LIBRARY = "libc++";
				CLANG_ENABLE_MODULES = YES;
				CLANG_ENABLE_OBJC_ARC = YES;
				CLANG_WARN_BOOL_CONVERSION = YES;
				CLANG_WARN_CONSTANT_CONVERSION = YES;
				CLANG_WARN_DIRECT_OBJC_ISA_USAGE = YES_ERROR;
				CLANG_WARN_DOCUMENTATION_COMMENTS = YES;
				CLANG_WARN_EMPTY_BODY = YES;
				CLANG_WARN_ENUM_CONVERSION = YES;
				CLANG_WARN_INFINITE_RECURSION = YES;
				CLANG_WARN_INT_CONVERSION = YES;
				CLANG_WARN_OBJC_ROOT_CLASS = YES_ERROR;
				CLANG_WARN_SUSPICIOUS_MOVES = YES;
				CLANG_WARN_UNREACHABLE_CODE = YES;
				CLANG_WARN__DUPLICATE_METHOD_MATCH = YES;
				"CODE_SIGN_IDENTITY[sdk=iphoneos*]" = "iPhone Developer";
				COPY_PHASE_STRIP = NO;
				DEBUG_INFORMATION_FORMAT = dwarf;
				ENABLE_STRICT_OBJC_MSGSEND = YES;
				ENABLE_TESTABILITY = YES;
				GCC_C_LANGUAGE_STANDARD = gnu99;
				GCC_DYNAMIC_NO_PIC = NO;
				GCC_NO_COMMON_BLOCKS = YES;
				GCC_OPTIMIZATION_LEVEL = 0;
				GCC_PREPROCESSOR_DEFINITIONS = (
					"DEBUG=1",
					"$(inherited)",
				);
				GCC_WARN_64_TO_32_BIT_CONVERSION = YES;
				GCC_WARN_ABOUT_RETURN_TYPE = YES_ERROR;
				GCC_WARN_UNDECLARED_SELECTOR = YES;
				GCC_WARN_UNINITIALIZED_AUTOS = YES_AGGRESSIVE;
				GCC_WARN_UNUSED_FUNCTION = YES;
				GCC_WARN_UNUSED_VARIABLE = YES;
				IPHONEOS_DEPLOYMENT_TARGET = 10.0;
				MTL_ENABLE_DEBUG_INFO = YES;
				ONLY_ACTIVE_ARCH = YES;
				SDKROOT = iphoneos;
				SWIFT_ACTIVE_COMPILATION_CONDITIONS = DEBUG;
				SWIFT_OPTIMIZATION_LEVEL = "-Onone";
				TARGETED_DEVICE_FAMILY = "1,2";
			};
			name = Debug;
		};
		4BEE11CD1DA094910016A4F0 /* Release */ = {
			isa = XCBuildConfiguration;
			buildSettings = {
				ALWAYS_SEARCH_USER_PATHS = NO;
				CLANG_ANALYZER_NONNULL = YES;
				CLANG_CXX_LANGUAGE_STANDARD = "gnu++0x";
				CLANG_CXX_LIBRARY = "libc++";
				CLANG_ENABLE_MODULES = YES;
				CLANG_ENABLE_OBJC_ARC = YES;
				CLANG_WARN_BOOL_CONVERSION = YES;
				CLANG_WARN_CONSTANT_CONVERSION = YES;
				CLANG_WARN_DIRECT_OBJC_ISA_USAGE = YES_ERROR;
				CLANG_WARN_DOCUMENTATION_COMMENTS = YES;
				CLANG_WARN_EMPTY_BODY = YES;
				CLANG_WARN_ENUM_CONVERSION = YES;
				CLANG_WARN_INFINITE_RECURSION = YES;
				CLANG_WARN_INT_CONVERSION = YES;
				CLANG_WARN_OBJC_ROOT_CLASS = YES_ERROR;
				CLANG_WARN_SUSPICIOUS_MOVES = YES;
				CLANG_WARN_UNREACHABLE_CODE = YES;
				CLANG_WARN__DUPLICATE_METHOD_MATCH = YES;
				"CODE_SIGN_IDENTITY[sdk=iphoneos*]" = "iPhone Developer";
				COPY_PHASE_STRIP = NO;
				DEBUG_INFORMATION_FORMAT = "dwarf-with-dsym";
				ENABLE_NS_ASSERTIONS = NO;
				ENABLE_STRICT_OBJC_MSGSEND = YES;
				GCC_C_LANGUAGE_STANDARD = gnu99;
				GCC_NO_COMMON_BLOCKS = YES;
				GCC_WARN_64_TO_32_BIT_CONVERSION = YES;
				GCC_WARN_ABOUT_RETURN_TYPE = YES_ERROR;
				GCC_WARN_UNDECLARED_SELECTOR = YES;
				GCC_WARN_UNINITIALIZED_AUTOS = YES_AGGRESSIVE;
				GCC_WARN_UNUSED_FUNCTION = YES;
				GCC_WARN_UNUSED_VARIABLE = YES;
				IPHONEOS_DEPLOYMENT_TARGET = 10.0;
				MTL_ENABLE_DEBUG_INFO = NO;
				SDKROOT = iphoneos;
				SWIFT_OPTIMIZATION_LEVEL = "-Owholemodule";
				TARGETED_DEVICE_FAMILY = "1,2";
				VALIDATE_PRODUCT = YES;
			};
			name = Release;
		};
		4BEE11CF1DA094910016A4F0 /* Debug */ = {
			isa = XCBuildConfiguration;
			buildSettings = {
				ASSETCATALOG_COMPILER_APPICON_NAME = AppIcon;
				DEVELOPMENT_TEAM = 2UZU9RG3VG;
				INFOPLIST_FILE = dreamlister2/Info.plist;
				LD_RUNPATH_SEARCH_PATHS = "$(inherited) @executable_path/Frameworks";
				PRODUCT_BUNDLE_IDENTIFIER = com.kelrobertson.dreamlister2;
				PRODUCT_NAME = "$(TARGET_NAME)";
				SWIFT_VERSION = 3.0;
			};
			name = Debug;
		};
		4BEE11D01DA094910016A4F0 /* Release */ = {
			isa = XCBuildConfiguration;
			buildSettings = {
				ASSETCATALOG_COMPILER_APPICON_NAME = AppIcon;
				DEVELOPMENT_TEAM = 2UZU9RG3VG;
				INFOPLIST_FILE = dreamlister2/Info.plist;
				LD_RUNPATH_SEARCH_PATHS = "$(inherited) @executable_path/Frameworks";
				PRODUCT_BUNDLE_IDENTIFIER = com.kelrobertson.dreamlister2;
				PRODUCT_NAME = "$(TARGET_NAME)";
				SWIFT_VERSION = 3.0;
			};
			name = Release;
		};
/* End XCBuildConfiguration section */

/* Begin XCConfigurationList section */
		4BEE11B41DA094910016A4F0 /* Build configuration list for PBXProject "dreamlister2" */ = {
			isa = XCConfigurationList;
			buildConfigurations = (
				4BEE11CC1DA094910016A4F0 /* Debug */,
				4BEE11CD1DA094910016A4F0 /* Release */,
			);
			defaultConfigurationIsVisible = 0;
			defaultConfigurationName = Release;
		};
		4BEE11CE1DA094910016A4F0 /* Build configuration list for PBXNativeTarget "dreamlister2" */ = {
			isa = XCConfigurationList;
			buildConfigurations = (
				4BEE11CF1DA094910016A4F0 /* Debug */,
				4BEE11D01DA094910016A4F0 /* Release */,
			);
			defaultConfigurationIsVisible = 0;
		};
/* End XCConfigurationList section */

/* Begin XCVersionGroup section */
		4BEE11C31DA094910016A4F0 /* dreamlister2.xcdatamodeld */ = {
			isa = XCVersionGroup;
			children = (
				4BEE11C41DA094910016A4F0 /* dreamlister2.xcdatamodel */,
			);
			currentVersion = 4BEE11C41DA094910016A4F0 /* dreamlister2.xcdatamodel */;
			path = dreamlister2.xcdatamodeld;
			sourceTree = "<group>";
			versionGroupType = wrapper.xcdatamodel;
		};
/* End XCVersionGroup section */
	};
	rootObject = 4BEE11B11DA094910016A4F0 /* Project object */;
}
